
Microsoft Visual Studio Solution File, Format Version 12.00
# Visual Studio Version 16
VisualStudioVersion = 16.0.31702.278
MinimumVisualStudioVersion = 10.0.40219.1
Project("{9A19103F-16F7-4668-BE54-9A1E7A4F7556}") = "15December2021", "15December2021\15December2021.csproj", "{555E7FDE-7110-43EC-8184-816E75A0F5C1}"
EndProject
Global
	GlobalSection(SolutionConfigurationPlatforms) = preSolution
		Debug|Any CPU = Debug|Any CPU
		Release|Any CPU = Release|Any CPU
	EndGlobalSection
	GlobalSection(ProjectConfigurationPlatforms) = postSolution
		{555E7FDE-7110-43EC-8184-816E75A0F5C1}.Debug|Any CPU.ActiveCfg = Debug|Any CPU
		{555E7FDE-7110-43EC-8184-816E75A0F5C1}.Debug|Any CPU.Build.0 = Debug|Any CPU
		{555E7FDE-7110-43EC-8184-816E75A0F5C1}.Release|Any CPU.ActiveCfg = Release|Any CPU
		{555E7FDE-7110-43EC-8184-816E75A0F5C1}.Release|Any CPU.Build.0 = Release|Any CPU
	EndGlobalSection
	GlobalSection(SolutionProperties) = preSolution
		HideSolutionNode = FALSE
	EndGlobalSection
	GlobalSection(ExtensibilityGlobals) = postSolution
		SolutionGuid = {8BD83E49-3AC9-4686-93A9-D9ACF5AE2A49}
	EndGlobalSection
EndGlobal
